// !$*UTF8*$!
{
	archiveVersion = 1;
	classes = {
	};
	objectVersion = 77;
	objects = {

/* Begin PBXContainerItemProxy section */
		ADEAAF5D2DA1D1B2002F7B64 /* PBXContainerItemProxy */ = {
			isa = PBXContainerItemProxy;
			containerPortal = ADEAAF422DA1D1B1002F7B64 /* Project object */;
			proxyType = 1;
			remoteGlobalIDString = ADEAAF492DA1D1B1002F7B64;
			remoteInfo = WorldWinner;
		};
		ADEAAF672DA1D1B2002F7B64 /* PBXContainerItemProxy */ = {
			isa = PBXContainerItemProxy;
			containerPortal = ADEAAF422DA1D1B1002F7B64 /* Project object */;
			proxyType = 1;
			remoteGlobalIDString = ADEAAF492DA1D1B1002F7B64;
			remoteInfo = WorldWinner;
		};
/* End PBXContainerItemProxy section */

/* Begin PBXFileReference section */
		ADEAAF4A2DA1D1B1002F7B64 /* WorldWinner.app */ = {isa = PBXFileReference; explicitFileType = wrapper.application; includeInIndex = 0; path = WorldWinner.app; sourceTree = BUILT_PRODUCTS_DIR; };
		ADEAAF5C2DA1D1B2002F7B64 /* WorldWinnerTests.xctest */ = {isa = PBXFileReference; explicitFileType = wrapper.cfbundle; includeInIndex = 0; path = WorldWinnerTests.xctest; sourceTree = BUILT_PRODUCTS_DIR; };
		ADEAAF662DA1D1B2002F7B64 /* WorldWinnerUITests.xctest */ = {isa = PBXFileReference; explicitFileType = wrapper.cfbundle; includeInIndex = 0; path = WorldWinnerUITests.xctest; sourceTree = BUILT_PRODUCTS_DIR; };
/* End PBXFileReference section */

/* Begin PBXFileSystemSynchronizedRootGroup section */
		ADEAAF4C2DA1D1B1002F7B64 /* WorldWinner */ = {
			isa = PBXFileSystemSynchronizedRootGroup;
			path = WorldWinner;
			sourceTree = "<group>";
		};
		ADEAAF5F2DA1D1B2002F7B64 /* WorldWinnerTests */ = {
			isa = PBXFileSystemSynchronizedRootGroup;
			path = WorldWinnerTests;
			sourceTree = "<group>";
		};
/* End PBXFileSystemSynchronizedRootGroup section */

/* Begin PBXFrameworksBuildPhase section */
		ADEAAF472DA1D1B1002F7B64 /* Frameworks */ = {
			isa = PBXFrameworksBuildPhase;
			buildActionMask = 2147483647;
			files = (
			);
			runOnlyForDeploymentPostprocessing = 0;
		};
		ADEAAF592DA1D1B2002F7B64 /* Frameworks */ = {
			isa = PBXFrameworksBuildPhase;
			buildActionMask = 2147483647;
			files = (
			);
			runOnlyForDeploymentPostprocessing = 0;
		};
		ADEAAF632DA1D1B2002F7B64 /* Frameworks */ = {
			isa = PBXFrameworksBuildPhase;
			buildActionMask = 2147483647;
			files = (
			);
			runOnlyForDeploymentPostprocessing = 0;
		};
/* End PBXFrameworksBuildPhase section */

/* Begin PBXGroup section */
		ADEAAF412DA1D1B1002F7B64 = {
			isa = PBXGroup;
			children = (
				ADEAAF4C2DA1D1B1002F7B64 /* WorldWinner */,
				ADEAAF5F2DA1D1B2002F7B64 /* WorldWinnerTests */,
				ADEAAF4B2DA1D1B1002F7B64 /* Products */,
			);
			sourceTree = "<group>";
		};
		ADEAAF4B2DA1D1B1002F7B64 /* Products */ = {
			isa = PBXGroup;
			children = (
				ADEAAF4A2DA1D1B1002F7B64 /* WorldWinner.app */,
				ADEAAF5C2DA1D1B2002F7B64 /* WorldWinnerTests.xctest */,
				ADEAAF662DA1D1B2002F7B64 /* WorldWinnerUITests.xctest */,
			);
			name = Products;
			sourceTree = "<group>";
		};
/* End PBXGroup section */

/* Begin PBXNativeTarget section */
		ADEAAF492DA1D1B1002F7B64 /* WorldWinner */ = {
			isa = PBXNativeTarget;
			buildConfigurationList = ADEAAF702DA1D1B2002F7B64 /* Build configuration list for PBXNativeTarget "WorldWinner" */;
			buildPhases = (
				ADEAAF462DA1D1B1002F7B64 /* Sources */,
				ADEAAF472DA1D1B1002F7B64 /* Frameworks */,
				ADEAAF482DA1D1B1002F7B64 /* Resources */,
			);
			buildRules = (
			);
			dependencies = (
			);
			fileSystemSynchronizedGroups = (
				ADEAAF4C2DA1D1B1002F7B64 /* WorldWinner */,
			);
			name = WorldWinner;
			packageProductDependencies = (
			);
			productName = WorldWinner;
			productReference = ADEAAF4A2DA1D1B1002F7B64 /* WorldWinner.app */;
			productType = "com.apple.product-type.application";
		};
		ADEAAF5B2DA1D1B2002F7B64 /* WorldWinnerTests */ = {
			isa = PBXNativeTarget;
			buildConfigurationList = ADEAAF732DA1D1B2002F7B64 /* Build configuration list for PBXNativeTarget "WorldWinnerTests" */;
			buildPhases = (
				ADEAAF582DA1D1B2002F7B64 /* Sources */,
				ADEAAF592DA1D1B2002F7B64 /* Frameworks */,
				ADEAAF5A2DA1D1B2002F7B64 /* Resources */,
			);
			buildRules = (
			);
			dependencies = (
				ADEAAF5E2DA1D1B2002F7B64 /* PBXTargetDependency */,
			);
			fileSystemSynchronizedGroups = (
				ADEAAF5F2DA1D1B2002F7B64 /* WorldWinnerTests */,
			);
			name = WorldWinnerTests;
			packageProductDependencies = (
			);
			productName = WorldWinnerTests;
			productReference = ADEAAF5C2DA1D1B2002F7B64 /* WorldWinnerTests.xctest */;
			productType = "com.apple.product-type.bundle.unit-test";
		};
		ADEAAF652DA1D1B2002F7B64 /* WorldWinnerUITests */ = {
			isa = PBXNativeTarget;
			buildConfigurationList = ADEAAF762DA1D1B2002F7B64 /* Build configuration list for PBXNativeTarget "WorldWinnerUITests" */;
			buildPhases = (
				ADEAAF622DA1D1B2002F7B64 /* Sources */,
				ADEAAF632DA1D1B2002F7B64 /* Frameworks */,
				ADEAAF642DA1D1B2002F7B64 /* Resources */,
			);
			buildRules = (
			);
			dependencies = (
				ADEAAF682DA1D1B2002F7B64 /* PBXTargetDependency */,
			);
			name = WorldWinnerUITests;
			packageProductDependencies = (
			);
			productName = WorldWinnerUITests;
			productReference = ADEAAF662DA1D1B2002F7B64 /* WorldWinnerUITests.xctest */;
			productType = "com.apple.product-type.bundle.ui-testing";
		};
/* End PBXNativeTarget section */

/* Begin PBXProject section */
		ADEAAF422DA1D1B1002F7B64 /* Project object */ = {
			isa = PBXProject;
			attributes = {
				BuildIndependentTargetsInParallel = 1;
				LastSwiftUpdateCheck = 1630;
				LastUpgradeCheck = 1630;
				TargetAttributes = {
					ADEAAF492DA1D1B1002F7B64 = {
						CreatedOnToolsVersion = 16.3;
					};
					ADEAAF5B2DA1D1B2002F7B64 = {
						CreatedOnToolsVersion = 16.3;
						TestTargetID = ADEAAF492DA1D1B1002F7B64;
					};
					ADEAAF652DA1D1B2002F7B64 = {
						CreatedOnToolsVersion = 16.3;
						TestTargetID = ADEAAF492DA1D1B1002F7B64;
					};
				};
			};
			buildConfigurationList = ADEAAF452DA1D1B1002F7B64 /* Build configuration list for PBXProject "WorldWinner" */;
			developmentRegion = en;
			hasScannedForEncodings = 0;
			knownRegions = (
				en,
				Base,
			);
			mainGroup = ADEAAF412DA1D1B1002F7B64;
			minimizedProjectReferenceProxies = 1;
			preferredProjectObjectVersion = 77;
			productRefGroup = ADEAAF4B2DA1D1B1002F7B64 /* Products */;
			projectDirPath = "";
			projectRoot = "";
			targets = (
				ADEAAF492DA1D1B1002F7B64 /* WorldWinner */,
				ADEAAF5B2DA1D1B2002F7B64 /* WorldWinnerTests */,
				ADEAAF652DA1D1B2002F7B64 /* WorldWinnerUITests */,
			);
		};
/* End PBXProject section */

/* Begin PBXResourcesBuildPhase section */
		ADEAAF482DA1D1B1002F7B64 /* Resources */ = {
			isa = PBXResourcesBuildPhase;
			buildActionMask = 2147483647;
			files = (
			);
			runOnlyForDeploymentPostprocessing = 0;
		};
		ADEAAF5A2DA1D1B2002F7B64 /* Resources */ = {
			isa = PBXResourcesBuildPhase;
			buildActionMask = 2147483647;
			files = (
			);
			runOnlyForDeploymentPostprocessing = 0;
		};
		ADEAAF642DA1D1B2002F7B64 /* Resources */ = {
			isa = PBXResourcesBuildPhase;
			buildActionMask = 2147483647;
			files = (
			);
			runOnlyForDeploymentPostprocessing = 0;
		};
/* End PBXResourcesBuildPhase section */

/* Begin PBXSourcesBuildPhase section */
		ADEAAF462DA1D1B1002F7B64 /* Sources */ = {
			isa = PBXSourcesBuildPhase;
			buildActionMask = 2147483647;
			files = (
			);
			runOnlyForDeploymentPostprocessing = 0;
		};
		ADEAAF582DA1D1B2002F7B64 /* Sources */ = {
			isa = PBXSourcesBuildPhase;
			buildActionMask = 2147483647;
			files = (
			);
			runOnlyForDeploymentPostprocessing = 0;
		};
		ADEAAF622DA1D1B2002F7B64 /* Sources */ = {
			isa = PBXSourcesBuildPhase;
			buildActionMask = 2147483647;
			files = (
			);
			runOnlyForDeploymentPostprocessing = 0;
		};
/* End PBXSourcesBuildPhase section */

/* Begin PBXTargetDependency section */
		ADEAAF5E2DA1D1B2002F7B64 /* PBXTargetDependency */ = {
			isa = PBXTargetDependency;
			target = ADEAAF492DA1D1B1002F7B64 /* WorldWinner */;
			targetProxy = ADEAAF5D2DA1D1B2002F7B64 /* PBXContainerItemProxy */;
		};
		ADEAAF682DA1D1B2002F7B64 /* PBXTargetDependency */ = {
			isa = PBXTargetDependency;
			target = ADEAAF492DA1D1B1002F7B64 /* WorldWinner */;
			targetProxy = ADEAAF672DA1D1B2002F7B64 /* PBXContainerItemProxy */;
		};
/* End PBXTargetDependency section */

/* Begin XCBuildConfiguration section */
		ADEAAF6E2DA1D1B2002F7B64 /* Debug */ = {
			isa = XCBuildConfiguration;
			buildSettings = {
				ALWAYS_SEARCH_USER_PATHS = NO;
				ASSETCATALOG_COMPILER_GENERATE_SWIFT_ASSET_SYMBOL_EXTENSIONS = YES;
				CLANG_ANALYZER_NONNULL = YES;
				CLANG_ANALYZER_NUMBER_OBJECT_CONVERSION = YES_AGGRESSIVE;
				CLANG_CXX_LANGUAGE_STANDARD = "gnu++20";
				CLANG_ENABLE_MODULES = YES;
				CLANG_ENABLE_OBJC_ARC = YES;
				CLANG_ENABLE_OBJC_WEAK = YES;
				CLANG_WARN_BLOCK_CAPTURE_AUTORELEASING = YES;
				CLANG_WARN_BOOL_CONVERSION = YES;
				CLANG_WARN_COMMA = YES;
				CLANG_WARN_CONSTANT_CONVERSION = YES;
				CLANG_WARN_DEPRECATED_OBJC_IMPLEMENTATIONS = YES;
				CLANG_WARN_DIRECT_OBJC_ISA_USAGE = YES_ERROR;
				CLANG_WARN_DOCUMENTATION_COMMENTS = YES;
				CLANG_WARN_EMPTY_BODY = YES;
				CLANG_WARN_ENUM_CONVERSION = YES;
				CLANG_WARN_INFINITE_RECURSION = YES;
				CLANG_WARN_INT_CONVERSION = YES;
				CLANG_WARN_NON_LITERAL_NULL_CONVERSION = YES;
				CLANG_WARN_OBJC_IMPLICIT_RETAIN_SELF = YES;
				CLANG_WARN_OBJC_LITERAL_CONVERSION = YES;
				CLANG_WARN_OBJC_ROOT_CLASS = YES_ERROR;
				CLANG_WARN_QUOTED_INCLUDE_IN_FRAMEWORK_HEADER = YES;
				CLANG_WARN_RANGE_LOOP_ANALYSIS = YES;
				CLANG_WARN_STRICT_PROTOTYPES = YES;
				CLANG_WARN_SUSPICIOUS_MOVE = YES;
				CLANG_WARN_UNGUARDED_AVAILABILITY = YES_AGGRESSIVE;
				CLANG_WARN_UNREACHABLE_CODE = YES;
				CLANG_WARN__DUPLICATE_METHOD_MATCH = YES;
				COPY_PHASE_STRIP = NO;
				DEBUG_INFORMATION_FORMAT = dwarf;
				ENABLE_STRICT_OBJC_MSGSEND = YES;
				ENABLE_TESTABILITY = YES;
				ENABLE_USER_SCRIPT_SANDBOXING = YES;
				GCC_C_LANGUAGE_STANDARD = gnu17;
				GCC_DYNAMIC_NO_PIC = NO;
				GCC_NO_COMMON_BLOCKS = YES;
				GCC_OPTIMIZATION_LEVEL = 0;
				GCC_PREPROCESSOR_DEFINITIONS = (
					"DEBUG=1",
					"$(inherited)",
				);
				GCC_WARN_64_TO_32_BIT_CONVERSION = YES;
				GCC_WARN_ABOUT_RETURN_TYPE = YES_ERROR;
				GCC_WARN_UNDECLARED_SELECTOR = YES;
				GCC_WARN_UNINITIALIZED_AUTOS = YES_AGGRESSIVE;
				GCC_WARN_UNUSED_FUNCTION = YES;
				GCC_WARN_UNUSED_VARIABLE = YES;
				IPHONEOS_DEPLOYMENT_TARGET = 18.4;
				LOCALIZATION_PREFERS_STRING_CATALOGS = YES;
				MTL_ENABLE_DEBUG_INFO = INCLUDE_SOURCE;
				MTL_FAST_MATH = YES;
				ONLY_ACTIVE_ARCH = YES;
				SDKROOT = iphoneos;
				SWIFT_ACTIVE_COMPILATION_CONDITIONS = "DEBUG $(inherited)";
				SWIFT_OPTIMIZATION_LEVEL = "-Onone";
			};
			name = Debug;
		};
		ADEAAF6F2DA1D1B2002F7B64 /* Release */ = {
			isa = XCBuildConfiguration;
			buildSettings = {
				ALWAYS_SEARCH_USER_PATHS = NO;
				ASSETCATALOG_COMPILER_GENERATE_SWIFT_ASSET_SYMBOL_EXTENSIONS = YES;
				CLANG_ANALYZER_NONNULL = YES;
				CLANG_ANALYZER_NUMBER_OBJECT_CONVERSION = YES_AGGRESSIVE;
				CLANG_CXX_LANGUAGE_STANDARD = "gnu++20";
				CLANG_ENABLE_MODULES = YES;
				CLANG_ENABLE_OBJC_ARC = YES;
				CLANG_ENABLE_OBJC_WEAK = YES;
				CLANG_WARN_BLOCK_CAPTURE_AUTORELEASING = YES;
				CLANG_WARN_BOOL_CONVERSION = YES;
				CLANG_WARN_COMMA = YES;
				CLANG_WARN_CONSTANT_CONVERSION = YES;
				CLANG_WARN_DEPRECATED_OBJC_IMPLEMENTATIONS = YES;
				CLANG_WARN_DIRECT_OBJC_ISA_USAGE = YES_ERROR;
				CLANG_WARN_DOCUMENTATION_COMMENTS = YES;
				CLANG_WARN_EMPTY_BODY = YES;
				CLANG_WARN_ENUM_CONVERSION = YES;
				CLANG_WARN_INFINITE_RECURSION = YES;
				CLANG_WARN_INT_CONVERSION = YES;
				CLANG_WARN_NON_LITERAL_NULL_CONVERSION = YES;
				CLANG_WARN_OBJC_IMPLICIT_RETAIN_SELF = YES;
				CLANG_WARN_OBJC_LITERAL_CONVERSION = YES;
				CLANG_WARN_OBJC_ROOT_CLASS = YES_ERROR;
				CLANG_WARN_QUOTED_INCLUDE_IN_FRAMEWORK_HEADER = YES;
				CLANG_WARN_RANGE_LOOP_ANALYSIS = YES;
				CLANG_WARN_STRICT_PROTOTYPES = YES;
				CLANG_WARN_SUSPICIOUS_MOVE = YES;
				CLANG_WARN_UNGUARDED_AVAILABILITY = YES_AGGRESSIVE;
				CLANG_WARN_UNREACHABLE_CODE = YES;
				CLANG_WARN__DUPLICATE_METHOD_MATCH = YES;
				COPY_PHASE_STRIP = NO;
				DEBUG_INFORMATION_FORMAT = "dwarf-with-dsym";
				ENABLE_NS_ASSERTIONS = NO;
				ENABLE_STRICT_OBJC_MSGSEND = YES;
				ENABLE_USER_SCRIPT_SANDBOXING = YES;
				GCC_C_LANGUAGE_STANDARD = gnu17;
				GCC_NO_COMMON_BLOCKS = YES;
				GCC_WARN_64_TO_32_BIT_CONVERSION = YES;
				GCC_WARN_ABOUT_RETURN_TYPE = YES_ERROR;
				GCC_WARN_UNDECLARED_SELECTOR = YES;
				GCC_WARN_UNINITIALIZED_AUTOS = YES_AGGRESSIVE;
				GCC_WARN_UNUSED_FUNCTION = YES;
				GCC_WARN_UNUSED_VARIABLE = YES;
				IPHONEOS_DEPLOYMENT_TARGET = 18.4;
				LOCALIZATION_PREFERS_STRING_CATALOGS = YES;
				MTL_ENABLE_DEBUG_INFO = NO;
				MTL_FAST_MATH = YES;
				SDKROOT = iphoneos;
				SWIFT_COMPILATION_MODE = wholemodule;
				VALIDATE_PRODUCT = YES;
			};
			name = Release;
		};
		ADEAAF712DA1D1B2002F7B64 /* Debug */ = {
			isa = XCBuildConfiguration;
			buildSettings = {
				ASSETCATALOG_COMPILER_APPICON_NAME = AppIcon;
				ASSETCATALOG_COMPILER_GLOBAL_ACCENT_COLOR_NAME = AccentColor;
				CODE_SIGN_STYLE = Automatic;
				CURRENT_PROJECT_VERSION = 1;
				ENABLE_PREVIEWS = YES;
				GENERATE_INFOPLIST_FILE = YES;
				INFOPLIST_KEY_UIApplicationSceneManifest_Generation = YES;
				INFOPLIST_KEY_UIApplicationSupportsIndirectInputEvents = YES;
				INFOPLIST_KEY_UILaunchScreen_Generation = YES;
				INFOPLIST_KEY_UISupportedInterfaceOrientations_iPad = "UIInterfaceOrientationPortrait UIInterfaceOrientationPortraitUpsideDown UIInterfaceOrientationLandscapeLeft UIInterfaceOrientationLandscapeRight";
				INFOPLIST_KEY_UISupportedInterfaceOrientations_iPhone = "UIInterfaceOrientationPortrait UIInterfaceOrientationLandscapeLeft UIInterfaceOrientationLandscapeRight";
				LD_RUNPATH_SEARCH_PATHS = (
					"$(inherited)",
					"@executable_path/Frameworks",
				);
				MARKETING_VERSION = 1.0;
				PRODUCT_BUNDLE_IDENTIFIER = deante.WorldWinner;
				PRODUCT_NAME = "$(TARGET_NAME)";
				SWIFT_EMIT_LOC_STRINGS = YES;
				SWIFT_VERSION = 5.0;
				TARGETED_DEVICE_FAMILY = "1,2";
			};
			name = Debug;
		};
		ADEAAF722DA1D1B2002F7B64 /* Release */ = {
			isa = XCBuildConfiguration;
			buildSettings = {
				ASSETCATALOG_COMPILER_APPICON_NAME = AppIcon;
				ASSETCATALOG_COMPILER_GLOBAL_ACCENT_COLOR_NAME = AccentColor;
				CODE_SIGN_STYLE = Automatic;
				CURRENT_PROJECT_VERSION = 1;
				ENABLE_PREVIEWS = YES;
				GENERATE_INFOPLIST_FILE = YES;
				INFOPLIST_KEY_UIApplicationSceneManifest_Generation = YES;
				INFOPLIST_KEY_UIApplicationSupportsIndirectInputEvents = YES;
				INFOPLIST_KEY_UILaunchScreen_Generation = YES;
				INFOPLIST_KEY_UISupportedInterfaceOrientations_iPad = "UIInterfaceOrientationPortrait UIInterfaceOrientationPortraitUpsideDown UIInterfaceOrientationLandscapeLeft UIInterfaceOrientationLandscapeRight";
				INFOPLIST_KEY_UISupportedInterfaceOrientations_iPhone = "UIInterfaceOrientationPortrait UIInterfaceOrientationLandscapeLeft UIInterfaceOrientationLandscapeRight";
				LD_RUNPATH_SEARCH_PATHS = (
					"$(inherited)",
					"@executable_path/Frameworks",
				);
				MARKETING_VERSION = 1.0;
				PRODUCT_BUNDLE_IDENTIFIER = deante.WorldWinner;
				PRODUCT_NAME = "$(TARGET_NAME)";
				SWIFT_EMIT_LOC_STRINGS = YES;
				SWIFT_VERSION = 5.0;
				TARGETED_DEVICE_FAMILY = "1,2";
			};
			name = Release;
		};
		ADEAAF742DA1D1B2002F7B64 /* Debug */ = {
			isa = XCBuildConfiguration;
			buildSettings = {
				BUNDLE_LOADER = "$(TEST_HOST)";
				CODE_SIGN_STYLE = Automatic;
				CURRENT_PROJECT_VERSION = 1;
				GENERATE_INFOPLIST_FILE = YES;
				IPHONEOS_DEPLOYMENT_TARGET = 18.4;
				MARKETING_VERSION = 1.0;
				PRODUCT_BUNDLE_IDENTIFIER = deante.WorldWinnerTests;
				PRODUCT_NAME = "$(TARGET_NAME)";
				SWIFT_EMIT_LOC_STRINGS = NO;
				SWIFT_VERSION = 5.0;
				TARGETED_DEVICE_FAMILY = "1,2";
				TEST_HOST = "$(BUILT_PRODUCTS_DIR)/WorldWinner.app/$(BUNDLE_EXECUTABLE_FOLDER_PATH)/WorldWinner";
			};
			name = Debug;
		};
		ADEAAF752DA1D1B2002F7B64 /* Release */ = {
			isa = XCBuildConfiguration;
			buildSettings = {
				BUNDLE_LOADER = "$(TEST_HOST)";
				CODE_SIGN_STYLE = Automatic;
				CURRENT_PROJECT_VERSION = 1;
				GENERATE_INFOPLIST_FILE = YES;
				IPHONEOS_DEPLOYMENT_TARGET = 18.4;
				MARKETING_VERSION = 1.0;
				PRODUCT_BUNDLE_IDENTIFIER = deante.WorldWinnerTests;
				PRODUCT_NAME = "$(TARGET_NAME)";
				SWIFT_EMIT_LOC_STRINGS = NO;
				SWIFT_VERSION = 5.0;
				TARGETED_DEVICE_FAMILY = "1,2";
				TEST_HOST = "$(BUILT_PRODUCTS_DIR)/WorldWinner.app/$(BUNDLE_EXECUTABLE_FOLDER_PATH)/WorldWinner";
			};
			name = Release;
		};
		ADEAAF772DA1D1B2002F7B64 /* Debug */ = {
			isa = XCBuildConfiguration;
			buildSettings = {
				CODE_SIGN_STYLE = Automatic;
				CURRENT_PROJECT_VERSION = 1;
				GENERATE_INFOPLIST_FILE = YES;
				MARKETING_VERSION = 1.0;
				PRODUCT_BUNDLE_IDENTIFIER = deante.WorldWinnerUITests;
				PRODUCT_NAME = "$(TARGET_NAME)";
				SWIFT_EMIT_LOC_STRINGS = NO;
				SWIFT_VERSION = 5.0;
				TARGETED_DEVICE_FAMILY = "1,2";
				TEST_TARGET_NAME = WorldWinner;
			};
			name = Debug;
		};
		ADEAAF782DA1D1B2002F7B64 /* Release */ = {
			isa = XCBuildConfiguration;
			buildSettings = {
				CODE_SIGN_STYLE = Automatic;
				CURRENT_PROJECT_VERSION = 1;
				GENERATE_INFOPLIST_FILE = YES;
				MARKETING_VERSION = 1.0;
				PRODUCT_BUNDLE_IDENTIFIER = deante.WorldWinnerUITests;
				PRODUCT_NAME = "$(TARGET_NAME)";
				SWIFT_EMIT_LOC_STRINGS = NO;
				SWIFT_VERSION = 5.0;
				TARGETED_DEVICE_FAMILY = "1,2";
				TEST_TARGET_NAME = WorldWinner;
			};
			name = Release;
		};
/* End XCBuildConfiguration section */

/* Begin XCConfigurationList section */
		ADEAAF452DA1D1B1002F7B64 /* Build configuration list for PBXProject "WorldWinner" */ = {
			isa = XCConfigurationList;
			buildConfigurations = (
				ADEAAF6E2DA1D1B2002F7B64 /* Debug */,
				ADEAAF6F2DA1D1B2002F7B64 /* Release */,
			);
			defaultConfigurationIsVisible = 0;
			defaultConfigurationName = Release;
		};
		ADEAAF702DA1D1B2002F7B64 /* Build configuration list for PBXNativeTarget "WorldWinner" */ = {
			isa = XCConfigurationList;
			buildConfigurations = (
				ADEAAF712DA1D1B2002F7B64 /* Debug */,
				ADEAAF722DA1D1B2002F7B64 /* Release */,
			);
			defaultConfigurationIsVisible = 0;
			defaultConfigurationName = Release;
		};
		ADEAAF732DA1D1B2002F7B64 /* Build configuration list for PBXNativeTarget "WorldWinnerTests" */ = {
			isa = XCConfigurationList;
			buildConfigurations = (
				ADEAAF742DA1D1B2002F7B64 /* Debug */,
				ADEAAF752DA1D1B2002F7B64 /* Release */,
			);
			defaultConfigurationIsVisible = 0;
			defaultConfigurationName = Release;
		};
		ADEAAF762DA1D1B2002F7B64 /* Build configuration list for PBXNativeTarget "WorldWinnerUITests" */ = {
			isa = XCConfigurationList;
			buildConfigurations = (
				ADEAAF772DA1D1B2002F7B64 /* Debug */,
				ADEAAF782DA1D1B2002F7B64 /* Release */,
			);
			defaultConfigurationIsVisible = 0;
			defaultConfigurationName = Release;
		};
/* End XCConfigurationList section */
	};
	rootObject = ADEAAF422DA1D1B1002F7B64 /* Project object */;
}
